{
  "name": "threejs",
  "version": "1.0.0",
  "lockfileVersion": 1,
  "requires": true,
  "dependencies": {
    "three": {
      "version": "0.116.1",
      "resolved": "https://registry.npm.taobao.org/three/download/three-0.116.1.tgz",
      "integrity": "sha1-o5P3qB/cPi+/V97VukfcW9NnjOA="
    }
  }
}
